{
  "requires": true,
  "lockfileVersion": 1,
  "dependencies": {
    "@babel/runtime": {
      "version": "7.11.2",
      "resolved": "https://registry.npmjs.org/@babel/runtime/-/runtime-7.11.2.tgz",
      "integrity": "sha512-TeWkU52so0mPtDcaCTxNBI/IHiz0pZgr8VEFqXFtZWpYD08ZB6FaSwVAS8MKRQAP3bYKiVjwysOJgMFY28o6Tw==",
      "requires": {
        "regenerator-runtime": "^0.13.4"
      }
    },
    "gatsby-plugin-nprogress": {
      "version": "2.3.10",
      "resolved": "https://registry.npmjs.org/gatsby-plugin-nprogress/-/gatsby-plugin-nprogress-2.3.10.tgz",
      "integrity": "sha512-iB20T8gLp4l1Zi+/ji6WDttIIvw160jwJmlQNYKxxPCe3+koBzQ9TZgxMJqI4uT5gXACpRIQx7c9Sg1YMJ3Mzg==",
      "requires": {
        "@babel/runtime": "^7.10.3",
        "nprogress": "^0.2.0"
      }
    },
    "nprogress": {
      "version": "0.2.0",
      "resolved": "https://registry.npmjs.org/nprogress/-/nprogress-0.2.0.tgz",
      "integrity": "sha1-y480xTIT2JVyP8urkH6UIq28r7E="
    },
    "regenerator-runtime": {
      "version": "0.13.7",
      "resolved": "https://registry.npmjs.org/regenerator-runtime/-/regenerator-runtime-0.13.7.tgz",
      "integrity": "sha512-a54FxoJDIr27pgf7IgeQGxmqUNYrcV338lf/6gH456HZ/PhX+5BcwHXG9ajESmwe6WRO0tAzRUrRmNONWgkrew=="
    }
  }
}
